
Microsoft Visual Studio Solution File, Format Version 12.00
# Visual Studio 15
VisualStudioVersion = 15.0.28307.329
MinimumVisualStudioVersion = 10.0.40219.1
Project("{8BC9CEB8-8B4A-11D0-8D11-00A0C91BC942}") = "my_fivechess_v0", "my_fivechess_v0\my_fivechess_v0.vcxproj", "{864287A4-D7B1-4EAB-8D76-F6E37FB47C1C}"
EndProject
Global
	GlobalSection(SolutionConfigurationPlatforms) = preSolution
		Debug|x64 = Debug|x64
		Debug|x86 = Debug|x86
		Release|x64 = Release|x64
		Release|x86 = Release|x86
	EndGlobalSection
	GlobalSection(ProjectConfigurationPlatforms) = postSolution
		{864287A4-D7B1-4EAB-8D76-F6E37FB47C1C}.Debug|x64.ActiveCfg = Debug|x64
		{864287A4-D7B1-4EAB-8D76-F6E37FB47C1C}.Debug|x64.Build.0 = Debug|x64
		{864287A4-D7B1-4EAB-8D76-F6E37FB47C1C}.Debug|x86.ActiveCfg = Debug|Win32
		{864287A4-D7B1-4EAB-8D76-F6E37FB47C1C}.Debug|x86.Build.0 = Debug|Win32
		{864287A4-D7B1-4EAB-8D76-F6E37FB47C1C}.Release|x64.ActiveCfg = Release|x64
		{864287A4-D7B1-4EAB-8D76-F6E37FB47C1C}.Release|x64.Build.0 = Release|x64
		{864287A4-D7B1-4EAB-8D76-F6E37FB47C1C}.Release|x86.ActiveCfg = Release|Win32
		{864287A4-D7B1-4EAB-8D76-F6E37FB47C1C}.Release|x86.Build.0 = Release|Win32
	EndGlobalSection
	GlobalSection(SolutionProperties) = preSolution
		HideSolutionNode = FALSE
	EndGlobalSection
	GlobalSection(ExtensibilityGlobals) = postSolution
		SolutionGuid = {8941306A-5472-4DA7-AEE1-B7BA3B69BBD5}
	EndGlobalSection
EndGlobal
